# THIS IS AN AUTOGENERATED FILE. DO NOT EDIT THIS FILE DIRECTLY
# generate-deploy.lock

version: 2.2.0
commit_hash: !<tag:yaml.org,2002:js/undefined> ''
tree:
  name: deploy
  children:
    - name: .gitignore
      size: 8
      extension: ''
      type: file
      hash: 8dd98ed4e7c19988e7e6bb157d779af60ee70761
      relative: ./.gitignore
    - name: deploy.sh
      size: 2064
      extension: .sh
      type: file
      hash: 9e8296d70cb092616fdeae1f4b4bf175df429a77
      relative: ./deploy.sh
    - name: loopback-oauth-test-api-deployment.yaml
      size: 616
      extension: .yaml
      type: file
      hash: 44e9027ee1b26468e512dfb3836970743e2ae3f6
      relative: ./loopback-oauth-test-api-deployment.yaml
    - name: loopback-oauth-test-prod
      children:
        - name: loopback-oauth-test-api-service.yaml
          size: 692
          extension: .yaml
          type: file
          hash: e5ce48a122962e6d69ac9c103dab1576d9cff117
          relative: ./loopback-oauth-test-prod/loopback-oauth-test-api-service.yaml
      size: 692
      type: directory
    - name: loopback-oauth-test-staging
      children:
        - name: loopback-oauth-test-api-service.yaml
          size: 695
          extension: .yaml
          type: file
          hash: be8563bbedd5937188c5c35dc0f369d5e7a8a4ca
          relative: ./loopback-oauth-test-staging/loopback-oauth-test-api-service.yaml
      size: 695
      type: directory
    - name: terraform
      children:
        - name: base.tf
          size: 243
          extension: .tf
          type: file
          hash: 82fb9a99f7eef26029c6e09866cf72d89a6ab5dc
          relative: ./terraform/base.tf
        - name: ecr.tf
          size: 98
          extension: .tf
          type: file
          hash: a1bf1af1080e001b46b260e339155489bb66483e
          relative: ./terraform/ecr.tf
      size: 341
      type: directory
  size: 4416
  type: directory
